
Microsoft Visual Studio Solution File, Format Version 12.00
# Visual Studio Version 17
VisualStudioVersion = 17.14.36202.13 d17.14
MinimumVisualStudioVersion = 10.0.40219.1
Project("{FAE04EC0-301F-11D3-BF4B-00C04F79EFBC}") = "server_app", "server_app\server_app.csproj", "{A7939D7A-64F8-4B60-B685-817A26961ABD}"
EndProject
Global
	GlobalSection(SolutionConfigurationPlatforms) = preSolution
		Debug|Any CPU = Debug|Any CPU
		Release|Any CPU = Release|Any CPU
	EndGlobalSection
	GlobalSection(ProjectConfigurationPlatforms) = postSolution
		{A7939D7A-64F8-4B60-B685-817A26961ABD}.Debug|Any CPU.ActiveCfg = Debug|Any CPU
		{A7939D7A-64F8-4B60-B685-817A26961ABD}.Debug|Any CPU.Build.0 = Debug|Any CPU
		{A7939D7A-64F8-4B60-B685-817A26961ABD}.Release|Any CPU.ActiveCfg = Release|Any CPU
		{A7939D7A-64F8-4B60-B685-817A26961ABD}.Release|Any CPU.Build.0 = Release|Any CPU
	EndGlobalSection
	GlobalSection(SolutionProperties) = preSolution
		HideSolutionNode = FALSE
	EndGlobalSection
	GlobalSection(ExtensibilityGlobals) = postSolution
		SolutionGuid = {97BDF463-A034-463E-A1FF-DAE354C46A71}
	EndGlobalSection
EndGlobal
